
Microsoft Visual Studio Solution File, Format Version 12.00
# Visual Studio Version 16
VisualStudioVersion = 16.0.29409.12
MinimumVisualStudioVersion = 10.0.40219.1
Project("{8BC9CEB8-8B4A-11D0-8D11-00A0C91BC942}") = "CppPrimerAdvanced_Lesson5", "CppPrimerAdvanced.vcxproj", "{89948230-6491-4338-994F-4A778B572A34}"
EndProject
Project("{8BC9CEB8-8B4A-11D0-8D11-00A0C91BC942}") = "CppPrimer_Advanced_Lesson6", "CppPrimer_Advanced_Lesson6\CppPrimer_Advanced_Lesson6.vcxproj", "{27E89F4F-6393-432D-B0C5-675FA0F4E59F}"
EndProject
Project("{8BC9CEB8-8B4A-11D0-8D11-00A0C91BC942}") = "CppPrimer_Advanced_Lesson7", "CppPrimer_Advanced_Lesson7\CppPrimer_Advanced_Lesson7.vcxproj", "{AA381FD1-9832-43E6-B041-C6992A94EDE6}"
EndProject
Project("{8BC9CEB8-8B4A-11D0-8D11-00A0C91BC942}") = "CppPrimer_Advanced_Lesson8", "CppPrimer_Advanced_Lesson8\CppPrimer_Advanced_Lesson8.vcxproj", "{07E5EDC5-26EB-4A4E-8BE5-F2D27B3A87E5}"
EndProject
Project("{8BC9CEB8-8B4A-11D0-8D11-00A0C91BC942}") = "CppPrimer_Advanced_Lesson9", "CppPrimer_Advanced_Lesson9\CppPrimer_Advanced_Lesson9.vcxproj", "{C539C8DF-4408-45CE-9CF0-74B232195721}"
EndProject
Project("{8BC9CEB8-8B4A-11D0-8D11-00A0C91BC942}") = "CppPrimer_Advanced_Lesson10", "CppPrimer_Advanced_Lesson10\CppPrimer_Advanced_Lesson10.vcxproj", "{5886D768-B316-4321-AB59-FB068F28F1EF}"
EndProject
Project("{8BC9CEB8-8B4A-11D0-8D11-00A0C91BC942}") = "CppPrimer_Advanced_Lesson11", "CppPrimer_Advanced_Lesson11\CppPrimer_Advanced_Lesson11.vcxproj", "{F30E35C2-8C91-46D4-8E00-C52918083163}"
EndProject
Project("{8BC9CEB8-8B4A-11D0-8D11-00A0C91BC942}") = "CppPrimer_Advanced_Lesson12", "CppPrimer_Advanced_Lesson12\CppPrimer_Advanced_Lesson12.vcxproj", "{B89BDA3A-C6BE-4A58-8D11-A8EEAD0788BC}"
EndProject
Project("{8BC9CEB8-8B4A-11D0-8D11-00A0C91BC942}") = "CppPrimer_Advanced_Lesson13", "CppPrimer_Advanced_Lesson13\CppPrimer_Advanced_Lesson13.vcxproj", "{CB3B6B98-970A-4619-975A-667A89306E8C}"
EndProject
Project("{8BC9CEB8-8B4A-11D0-8D11-00A0C91BC942}") = "CppPrimer_Advanced_Lesson14", "CppPrimer_Advanced_Lesson14\CppPrimer_Advanced_Lesson14.vcxproj", "{C08A8B7B-A087-4366-97D7-E56D25AA2E60}"
EndProject
Project("{8BC9CEB8-8B4A-11D0-8D11-00A0C91BC942}") = "CppPrimer_Advanced_Lesson15", "CppPrimer_Advanced_Lesson15\CppPrimer_Advanced_Lesson15.vcxproj", "{DD061ECC-CF28-4F2B-B494-F5CC27A1EC7F}"
EndProject
Project("{8BC9CEB8-8B4A-11D0-8D11-00A0C91BC942}") = "CppPrimer_Advanced_Lesson16", "CppPrimer_Advanced_Lesson16\CppPrimer_Advanced_Lesson16.vcxproj", "{329C8C29-68A9-467A-93B7-1640F26D5B66}"
EndProject
Project("{8BC9CEB8-8B4A-11D0-8D11-00A0C91BC942}") = "CppPrimer_Advanced_Lesson17", "CppPrimer_Advanced_Lesson17\CppPrimer_Advanced_Lesson17.vcxproj", "{95CC37FB-69F9-4385-8F36-EE0F63EB008D}"
EndProject
Project("{8BC9CEB8-8B4A-11D0-8D11-00A0C91BC942}") = "CppPrimer_Advanced_Lesson18", "CppPrimer_Advanced_Lesson18\CppPrimer_Advanced_Lesson18.vcxproj", "{C7A81854-263F-47CE-BAD5-DCA715C2CB97}"
EndProject
Project("{8BC9CEB8-8B4A-11D0-8D11-00A0C91BC942}") = "CppPrimer_Advanced_Lesson19", "CppPrimer_Advanced_Lesson19\CppPrimer_Advanced_Lesson19.vcxproj", "{8C13BF18-78D4-4600-A54D-41C039C0D5B9}"
EndProject
Project("{8BC9CEB8-8B4A-11D0-8D11-00A0C91BC942}") = "CppPrimer_Advanced_Lesson20", "CppPrimer_Advanced_Lesson20\CppPrimer_Advanced_Lesson20.vcxproj", "{EB7B294E-65E2-4444-9E16-C00D6C017AD6}"
EndProject
Project("{8BC9CEB8-8B4A-11D0-8D11-00A0C91BC942}") = "CppPrimer_Advanced_Lesson21", "CppPrimer_Advanced_Lesson21\CppPrimer_Advanced_Lesson21.vcxproj", "{1CEE0805-2996-4180-BBF1-2B8AD57EC57D}"
EndProject
Project("{8BC9CEB8-8B4A-11D0-8D11-00A0C91BC942}") = "CppPrimer_Advanced_Lesson22", "CppPrimer_Advanced_Lesson22\CppPrimer_Advanced_Lesson22.vcxproj", "{5FDAD040-E515-45DF-89C6-A328DF39FB32}"
EndProject
Project("{8BC9CEB8-8B4A-11D0-8D11-00A0C91BC942}") = "CppPrimer_Advanced_Lesson23", "CppPrimer_Avanced_Lesson23\CppPrimer_Avanced_Lesson23.vcxproj", "{6B2415B1-02B5-4228-8927-39057861A0C9}"
EndProject
Project("{8BC9CEB8-8B4A-11D0-8D11-00A0C91BC942}") = "CppPrimer_Advanced_Lesson24", "CppPrimer_Advanced_Lesson24\CppPrimer_Advanced_Lesson24.vcxproj", "{3BB2E4FF-C459-46DA-A29B-40DDC38B1D81}"
EndProject
Project("{8BC9CEB8-8B4A-11D0-8D11-00A0C91BC942}") = "CppPrimer_Advanced_Lesson25", "CppPrimer_Advanced_Lesson25\CppPrimer_Advanced_Lesson25.vcxproj", "{C6161074-3FDC-4A73-9439-33966EF45161}"
EndProject
Project("{8BC9CEB8-8B4A-11D0-8D11-00A0C91BC942}") = "CppPrimer_Advanced_Lesson26", "CppPrimer_Advanced_Lesson26\CppPrimer_Advanced_Lesson26.vcxproj", "{4E85FF2B-BA05-448D-A081-EE4C9BD97445}"
EndProject
Project("{8BC9CEB8-8B4A-11D0-8D11-00A0C91BC942}") = "CppPrimer_Advanced_Lesson27", "CppPrimer_Advanced_Lesson27\CppPrimer_Advanced_Lesson27.vcxproj", "{FC508ACF-D783-438F-8275-4A432A493007}"
EndProject
Project("{8BC9CEB8-8B4A-11D0-8D11-00A0C91BC942}") = "CppPrimer_Advanced_Lesson28", "CppPrimer_Advanced_Lesson28\CppPrimer_Advanced_Lesson28.vcxproj", "{67B1CB3E-10AB-4DDD-8EF4-B8D9FFBEEAF2}"
EndProject
Project("{8BC9CEB8-8B4A-11D0-8D11-00A0C91BC942}") = "CppPrimer_Advanced_Lesson29", "CppPrimer_Advanced_Lesson29\CppPrimer_Advanced_Lesson29.vcxproj", "{1F144366-8631-4EAA-9131-2AFF65D3705A}"
EndProject
Project("{8BC9CEB8-8B4A-11D0-8D11-00A0C91BC942}") = "CppPrimer_Advanced_Lesson30", "CppPrimer_Advanced_Lesson30\CppPrimer_Advanced_Lesson30.vcxproj", "{DBA0FDE8-FCF5-48CE-BFE9-4B1701DCB210}"
EndProject
Project("{8BC9CEB8-8B4A-11D0-8D11-00A0C91BC942}") = "CppPrimer_Advanced_Lesson31", "CppPrimer_Advanced_Lesson31\CppPrimer_Advanced_Lesson31.vcxproj", "{25AE6425-F10B-49FD-9D3F-044E77BCA3EA}"
EndProject
Project("{8BC9CEB8-8B4A-11D0-8D11-00A0C91BC942}") = "CppPrimer_Advanced_Lesson32", "CppPrimer_Advanced_Lesson32\CppPrimer_Advanced_Lesson32.vcxproj", "{5A494430-0691-4497-9C9F-AC9A2FF0A71C}"
EndProject
Project("{8BC9CEB8-8B4A-11D0-8D11-00A0C91BC942}") = "CppPrimer_Advanced_Lesson33", "CppPrimer_Advanced_Lesson33\CppPrimer_Advanced_Lesson33.vcxproj", "{88929C3F-BC52-4287-A48D-6250E9AE7CC1}"
EndProject
Project("{8BC9CEB8-8B4A-11D0-8D11-00A0C91BC942}") = "CppPrimer_Advanced_Lesson34", "CppPrimer_Advanced_Lesson34\CppPrimer_Advanced_Lesson34.vcxproj", "{6D960E96-EF9E-4773-A8B5-F6EDD75D1E47}"
EndProject
Project("{8BC9CEB8-8B4A-11D0-8D11-00A0C91BC942}") = "CppPrimer_Advanced_Lesson35", "CppPrimer_Advanced_Lesson35\CppPrimer_Advanced_Lesson35.vcxproj", "{E6D83D5A-5FE9-4BB2-995D-CAFA98633A16}"
EndProject
Project("{8BC9CEB8-8B4A-11D0-8D11-00A0C91BC942}") = "CppPrimer_Advanced_Lesson36", "CppPrimer_Advanced_Lesson36\CppPrimer_Advanced_Lesson36.vcxproj", "{11B02492-973A-4C21-B084-722378D88FFC}"
EndProject
Project("{8BC9CEB8-8B4A-11D0-8D11-00A0C91BC942}") = "CppPrimer_Advanced_Lesson37", "CppPrimer_Advanced_Lesson37\CppPrimer_Advanced_Lesson37.vcxproj", "{6F0D01C8-AF2B-4FBF-9B21-76B4C31ED639}"
EndProject
Global
	GlobalSection(SolutionConfigurationPlatforms) = preSolution
		Debug|x64 = Debug|x64
		Debug|x86 = Debug|x86
		Release|x64 = Release|x64
		Release|x86 = Release|x86
	EndGlobalSection
	GlobalSection(ProjectConfigurationPlatforms) = postSolution
		{89948230-6491-4338-994F-4A778B572A34}.Debug|x64.ActiveCfg = Debug|x64
		{89948230-6491-4338-994F-4A778B572A34}.Debug|x64.Build.0 = Debug|x64
		{89948230-6491-4338-994F-4A778B572A34}.Debug|x86.ActiveCfg = Debug|Win32
		{89948230-6491-4338-994F-4A778B572A34}.Debug|x86.Build.0 = Debug|Win32
		{89948230-6491-4338-994F-4A778B572A34}.Release|x64.ActiveCfg = Release|x64
		{89948230-6491-4338-994F-4A778B572A34}.Release|x64.Build.0 = Release|x64
		{89948230-6491-4338-994F-4A778B572A34}.Release|x86.ActiveCfg = Release|Win32
		{89948230-6491-4338-994F-4A778B572A34}.Release|x86.Build.0 = Release|Win32
		{27E89F4F-6393-432D-B0C5-675FA0F4E59F}.Debug|x64.ActiveCfg = Debug|x64
		{27E89F4F-6393-432D-B0C5-675FA0F4E59F}.Debug|x64.Build.0 = Debug|x64
		{27E89F4F-6393-432D-B0C5-675FA0F4E59F}.Debug|x86.ActiveCfg = Debug|Win32
		{27E89F4F-6393-432D-B0C5-675FA0F4E59F}.Debug|x86.Build.0 = Debug|Win32
		{27E89F4F-6393-432D-B0C5-675FA0F4E59F}.Release|x64.ActiveCfg = Release|x64
		{27E89F4F-6393-432D-B0C5-675FA0F4E59F}.Release|x64.Build.0 = Release|x64
		{27E89F4F-6393-432D-B0C5-675FA0F4E59F}.Release|x86.ActiveCfg = Release|Win32
		{27E89F4F-6393-432D-B0C5-675FA0F4E59F}.Release|x86.Build.0 = Release|Win32
		{AA381FD1-9832-43E6-B041-C6992A94EDE6}.Debug|x64.ActiveCfg = Debug|x64
		{AA381FD1-9832-43E6-B041-C6992A94EDE6}.Debug|x64.Build.0 = Debug|x64
		{AA381FD1-9832-43E6-B041-C6992A94EDE6}.Debug|x86.ActiveCfg = Debug|Win32
		{AA381FD1-9832-43E6-B041-C6992A94EDE6}.Debug|x86.Build.0 = Debug|Win32
		{AA381FD1-9832-43E6-B041-C6992A94EDE6}.Release|x64.ActiveCfg = Release|x64
		{AA381FD1-9832-43E6-B041-C6992A94EDE6}.Release|x64.Build.0 = Release|x64
		{AA381FD1-9832-43E6-B041-C6992A94EDE6}.Release|x86.ActiveCfg = Release|Win32
		{AA381FD1-9832-43E6-B041-C6992A94EDE6}.Release|x86.Build.0 = Release|Win32
		{07E5EDC5-26EB-4A4E-8BE5-F2D27B3A87E5}.Debug|x64.ActiveCfg = Debug|x64
		{07E5EDC5-26EB-4A4E-8BE5-F2D27B3A87E5}.Debug|x64.Build.0 = Debug|x64
		{07E5EDC5-26EB-4A4E-8BE5-F2D27B3A87E5}.Debug|x86.ActiveCfg = Debug|Win32
		{07E5EDC5-26EB-4A4E-8BE5-F2D27B3A87E5}.Debug|x86.Build.0 = Debug|Win32
		{07E5EDC5-26EB-4A4E-8BE5-F2D27B3A87E5}.Release|x64.ActiveCfg = Release|x64
		{07E5EDC5-26EB-4A4E-8BE5-F2D27B3A87E5}.Release|x64.Build.0 = Release|x64
		{07E5EDC5-26EB-4A4E-8BE5-F2D27B3A87E5}.Release|x86.ActiveCfg = Release|Win32
		{07E5EDC5-26EB-4A4E-8BE5-F2D27B3A87E5}.Release|x86.Build.0 = Release|Win32
		{C539C8DF-4408-45CE-9CF0-74B232195721}.Debug|x64.ActiveCfg = Debug|x64
		{C539C8DF-4408-45CE-9CF0-74B232195721}.Debug|x64.Build.0 = Debug|x64
		{C539C8DF-4408-45CE-9CF0-74B232195721}.Debug|x86.ActiveCfg = Debug|Win32
		{C539C8DF-4408-45CE-9CF0-74B232195721}.Debug|x86.Build.0 = Debug|Win32
		{C539C8DF-4408-45CE-9CF0-74B232195721}.Release|x64.ActiveCfg = Release|x64
		{C539C8DF-4408-45CE-9CF0-74B232195721}.Release|x64.Build.0 = Release|x64
		{C539C8DF-4408-45CE-9CF0-74B232195721}.Release|x86.ActiveCfg = Release|Win32
		{C539C8DF-4408-45CE-9CF0-74B232195721}.Release|x86.Build.0 = Release|Win32
		{5886D768-B316-4321-AB59-FB068F28F1EF}.Debug|x64.ActiveCfg = Debug|x64
		{5886D768-B316-4321-AB59-FB068F28F1EF}.Debug|x64.Build.0 = Debug|x64
		{5886D768-B316-4321-AB59-FB068F28F1EF}.Debug|x86.ActiveCfg = Debug|Win32
		{5886D768-B316-4321-AB59-FB068F28F1EF}.Debug|x86.Build.0 = Debug|Win32
		{5886D768-B316-4321-AB59-FB068F28F1EF}.Release|x64.ActiveCfg = Release|x64
		{5886D768-B316-4321-AB59-FB068F28F1EF}.Release|x64.Build.0 = Release|x64
		{5886D768-B316-4321-AB59-FB068F28F1EF}.Release|x86.ActiveCfg = Release|Win32
		{5886D768-B316-4321-AB59-FB068F28F1EF}.Release|x86.Build.0 = Release|Win32
		{F30E35C2-8C91-46D4-8E00-C52918083163}.Debug|x64.ActiveCfg = Debug|x64
		{F30E35C2-8C91-46D4-8E00-C52918083163}.Debug|x64.Build.0 = Debug|x64
		{F30E35C2-8C91-46D4-8E00-C52918083163}.Debug|x86.ActiveCfg = Debug|Win32
		{F30E35C2-8C91-46D4-8E00-C52918083163}.Debug|x86.Build.0 = Debug|Win32
		{F30E35C2-8C91-46D4-8E00-C52918083163}.Release|x64.ActiveCfg = Release|x64
		{F30E35C2-8C91-46D4-8E00-C52918083163}.Release|x64.Build.0 = Release|x64
		{F30E35C2-8C91-46D4-8E00-C52918083163}.Release|x86.ActiveCfg = Release|Win32
		{F30E35C2-8C91-46D4-8E00-C52918083163}.Release|x86.Build.0 = Release|Win32
		{B89BDA3A-C6BE-4A58-8D11-A8EEAD0788BC}.Debug|x64.ActiveCfg = Debug|x64
		{B89BDA3A-C6BE-4A58-8D11-A8EEAD0788BC}.Debug|x64.Build.0 = Debug|x64
		{B89BDA3A-C6BE-4A58-8D11-A8EEAD0788BC}.Debug|x86.ActiveCfg = Debug|Win32
		{B89BDA3A-C6BE-4A58-8D11-A8EEAD0788BC}.Debug|x86.Build.0 = Debug|Win32
		{B89BDA3A-C6BE-4A58-8D11-A8EEAD0788BC}.Release|x64.ActiveCfg = Release|x64
		{B89BDA3A-C6BE-4A58-8D11-A8EEAD0788BC}.Release|x64.Build.0 = Release|x64
		{B89BDA3A-C6BE-4A58-8D11-A8EEAD0788BC}.Release|x86.ActiveCfg = Release|Win32
		{B89BDA3A-C6BE-4A58-8D11-A8EEAD0788BC}.Release|x86.Build.0 = Release|Win32
		{CB3B6B98-970A-4619-975A-667A89306E8C}.Debug|x64.ActiveCfg = Debug|x64
		{CB3B6B98-970A-4619-975A-667A89306E8C}.Debug|x64.Build.0 = Debug|x64
		{CB3B6B98-970A-4619-975A-667A89306E8C}.Debug|x86.ActiveCfg = Debug|Win32
		{CB3B6B98-970A-4619-975A-667A89306E8C}.Debug|x86.Build.0 = Debug|Win32
		{CB3B6B98-970A-4619-975A-667A89306E8C}.Release|x64.ActiveCfg = Release|x64
		{CB3B6B98-970A-4619-975A-667A89306E8C}.Release|x64.Build.0 = Release|x64
		{CB3B6B98-970A-4619-975A-667A89306E8C}.Release|x86.ActiveCfg = Release|Win32
		{CB3B6B98-970A-4619-975A-667A89306E8C}.Release|x86.Build.0 = Release|Win32
		{C08A8B7B-A087-4366-97D7-E56D25AA2E60}.Debug|x64.ActiveCfg = Debug|x64
		{C08A8B7B-A087-4366-97D7-E56D25AA2E60}.Debug|x64.Build.0 = Debug|x64
		{C08A8B7B-A087-4366-97D7-E56D25AA2E60}.Debug|x86.ActiveCfg = Debug|Win32
		{C08A8B7B-A087-4366-97D7-E56D25AA2E60}.Debug|x86.Build.0 = Debug|Win32
		{C08A8B7B-A087-4366-97D7-E56D25AA2E60}.Release|x64.ActiveCfg = Release|x64
		{C08A8B7B-A087-4366-97D7-E56D25AA2E60}.Release|x64.Build.0 = Release|x64
		{C08A8B7B-A087-4366-97D7-E56D25AA2E60}.Release|x86.ActiveCfg = Release|Win32
		{C08A8B7B-A087-4366-97D7-E56D25AA2E60}.Release|x86.Build.0 = Release|Win32
		{DD061ECC-CF28-4F2B-B494-F5CC27A1EC7F}.Debug|x64.ActiveCfg = Debug|x64
		{DD061ECC-CF28-4F2B-B494-F5CC27A1EC7F}.Debug|x64.Build.0 = Debug|x64
		{DD061ECC-CF28-4F2B-B494-F5CC27A1EC7F}.Debug|x86.ActiveCfg = Debug|Win32
		{DD061ECC-CF28-4F2B-B494-F5CC27A1EC7F}.Debug|x86.Build.0 = Debug|Win32
		{DD061ECC-CF28-4F2B-B494-F5CC27A1EC7F}.Release|x64.ActiveCfg = Release|x64
		{DD061ECC-CF28-4F2B-B494-F5CC27A1EC7F}.Release|x64.Build.0 = Release|x64
		{DD061ECC-CF28-4F2B-B494-F5CC27A1EC7F}.Release|x86.ActiveCfg = Release|Win32
		{DD061ECC-CF28-4F2B-B494-F5CC27A1EC7F}.Release|x86.Build.0 = Release|Win32
		{329C8C29-68A9-467A-93B7-1640F26D5B66}.Debug|x64.ActiveCfg = Debug|x64
		{329C8C29-68A9-467A-93B7-1640F26D5B66}.Debug|x64.Build.0 = Debug|x64
		{329C8C29-68A9-467A-93B7-1640F26D5B66}.Debug|x86.ActiveCfg = Debug|Win32
		{329C8C29-68A9-467A-93B7-1640F26D5B66}.Debug|x86.Build.0 = Debug|Win32
		{329C8C29-68A9-467A-93B7-1640F26D5B66}.Release|x64.ActiveCfg = Release|x64
		{329C8C29-68A9-467A-93B7-1640F26D5B66}.Release|x64.Build.0 = Release|x64
		{329C8C29-68A9-467A-93B7-1640F26D5B66}.Release|x86.ActiveCfg = Release|Win32
		{329C8C29-68A9-467A-93B7-1640F26D5B66}.Release|x86.Build.0 = Release|Win32
		{95CC37FB-69F9-4385-8F36-EE0F63EB008D}.Debug|x64.ActiveCfg = Debug|x64
		{95CC37FB-69F9-4385-8F36-EE0F63EB008D}.Debug|x64.Build.0 = Debug|x64
		{95CC37FB-69F9-4385-8F36-EE0F63EB008D}.Debug|x86.ActiveCfg = Debug|Win32
		{95CC37FB-69F9-4385-8F36-EE0F63EB008D}.Debug|x86.Build.0 = Debug|Win32
		{95CC37FB-69F9-4385-8F36-EE0F63EB008D}.Release|x64.ActiveCfg = Release|x64
		{95CC37FB-69F9-4385-8F36-EE0F63EB008D}.Release|x64.Build.0 = Release|x64
		{95CC37FB-69F9-4385-8F36-EE0F63EB008D}.Release|x86.ActiveCfg = Release|Win32
		{95CC37FB-69F9-4385-8F36-EE0F63EB008D}.Release|x86.Build.0 = Release|Win32
		{C7A81854-263F-47CE-BAD5-DCA715C2CB97}.Debug|x64.ActiveCfg = Debug|x64
		{C7A81854-263F-47CE-BAD5-DCA715C2CB97}.Debug|x64.Build.0 = Debug|x64
		{C7A81854-263F-47CE-BAD5-DCA715C2CB97}.Debug|x86.ActiveCfg = Debug|Win32
		{C7A81854-263F-47CE-BAD5-DCA715C2CB97}.Debug|x86.Build.0 = Debug|Win32
		{C7A81854-263F-47CE-BAD5-DCA715C2CB97}.Release|x64.ActiveCfg = Release|x64
		{C7A81854-263F-47CE-BAD5-DCA715C2CB97}.Release|x64.Build.0 = Release|x64
		{C7A81854-263F-47CE-BAD5-DCA715C2CB97}.Release|x86.ActiveCfg = Release|Win32
		{C7A81854-263F-47CE-BAD5-DCA715C2CB97}.Release|x86.Build.0 = Release|Win32
		{8C13BF18-78D4-4600-A54D-41C039C0D5B9}.Debug|x64.ActiveCfg = Debug|x64
		{8C13BF18-78D4-4600-A54D-41C039C0D5B9}.Debug|x64.Build.0 = Debug|x64
		{8C13BF18-78D4-4600-A54D-41C039C0D5B9}.Debug|x86.ActiveCfg = Debug|Win32
		{8C13BF18-78D4-4600-A54D-41C039C0D5B9}.Debug|x86.Build.0 = Debug|Win32
		{8C13BF18-78D4-4600-A54D-41C039C0D5B9}.Release|x64.ActiveCfg = Release|x64
		{8C13BF18-78D4-4600-A54D-41C039C0D5B9}.Release|x64.Build.0 = Release|x64
		{8C13BF18-78D4-4600-A54D-41C039C0D5B9}.Release|x86.ActiveCfg = Release|Win32
		{8C13BF18-78D4-4600-A54D-41C039C0D5B9}.Release|x86.Build.0 = Release|Win32
		{EB7B294E-65E2-4444-9E16-C00D6C017AD6}.Debug|x64.ActiveCfg = Debug|x64
		{EB7B294E-65E2-4444-9E16-C00D6C017AD6}.Debug|x64.Build.0 = Debug|x64
		{EB7B294E-65E2-4444-9E16-C00D6C017AD6}.Debug|x86.ActiveCfg = Debug|Win32
		{EB7B294E-65E2-4444-9E16-C00D6C017AD6}.Debug|x86.Build.0 = Debug|Win32
		{EB7B294E-65E2-4444-9E16-C00D6C017AD6}.Release|x64.ActiveCfg = Release|x64
		{EB7B294E-65E2-4444-9E16-C00D6C017AD6}.Release|x64.Build.0 = Release|x64
		{EB7B294E-65E2-4444-9E16-C00D6C017AD6}.Release|x86.ActiveCfg = Release|Win32
		{EB7B294E-65E2-4444-9E16-C00D6C017AD6}.Release|x86.Build.0 = Release|Win32
		{1CEE0805-2996-4180-BBF1-2B8AD57EC57D}.Debug|x64.ActiveCfg = Debug|x64
		{1CEE0805-2996-4180-BBF1-2B8AD57EC57D}.Debug|x64.Build.0 = Debug|x64
		{1CEE0805-2996-4180-BBF1-2B8AD57EC57D}.Debug|x86.ActiveCfg = Debug|Win32
		{1CEE0805-2996-4180-BBF1-2B8AD57EC57D}.Debug|x86.Build.0 = Debug|Win32
		{1CEE0805-2996-4180-BBF1-2B8AD57EC57D}.Release|x64.ActiveCfg = Release|x64
		{1CEE0805-2996-4180-BBF1-2B8AD57EC57D}.Release|x64.Build.0 = Release|x64
		{1CEE0805-2996-4180-BBF1-2B8AD57EC57D}.Release|x86.ActiveCfg = Release|Win32
		{1CEE0805-2996-4180-BBF1-2B8AD57EC57D}.Release|x86.Build.0 = Release|Win32
		{5FDAD040-E515-45DF-89C6-A328DF39FB32}.Debug|x64.ActiveCfg = Debug|x64
		{5FDAD040-E515-45DF-89C6-A328DF39FB32}.Debug|x64.Build.0 = Debug|x64
		{5FDAD040-E515-45DF-89C6-A328DF39FB32}.Debug|x86.ActiveCfg = Debug|Win32
		{5FDAD040-E515-45DF-89C6-A328DF39FB32}.Debug|x86.Build.0 = Debug|Win32
		{5FDAD040-E515-45DF-89C6-A328DF39FB32}.Release|x64.ActiveCfg = Release|x64
		{5FDAD040-E515-45DF-89C6-A328DF39FB32}.Release|x64.Build.0 = Release|x64
		{5FDAD040-E515-45DF-89C6-A328DF39FB32}.Release|x86.ActiveCfg = Release|Win32
		{5FDAD040-E515-45DF-89C6-A328DF39FB32}.Release|x86.Build.0 = Release|Win32
		{6B2415B1-02B5-4228-8927-39057861A0C9}.Debug|x64.ActiveCfg = Debug|x64
		{6B2415B1-02B5-4228-8927-39057861A0C9}.Debug|x64.Build.0 = Debug|x64
		{6B2415B1-02B5-4228-8927-39057861A0C9}.Debug|x86.ActiveCfg = Debug|Win32
		{6B2415B1-02B5-4228-8927-39057861A0C9}.Debug|x86.Build.0 = Debug|Win32
		{6B2415B1-02B5-4228-8927-39057861A0C9}.Release|x64.ActiveCfg = Release|x64
		{6B2415B1-02B5-4228-8927-39057861A0C9}.Release|x64.Build.0 = Release|x64
		{6B2415B1-02B5-4228-8927-39057861A0C9}.Release|x86.ActiveCfg = Release|Win32
		{6B2415B1-02B5-4228-8927-39057861A0C9}.Release|x86.Build.0 = Release|Win32
		{3BB2E4FF-C459-46DA-A29B-40DDC38B1D81}.Debug|x64.ActiveCfg = Debug|x64
		{3BB2E4FF-C459-46DA-A29B-40DDC38B1D81}.Debug|x64.Build.0 = Debug|x64
		{3BB2E4FF-C459-46DA-A29B-40DDC38B1D81}.Debug|x86.ActiveCfg = Debug|Win32
		{3BB2E4FF-C459-46DA-A29B-40DDC38B1D81}.Debug|x86.Build.0 = Debug|Win32
		{3BB2E4FF-C459-46DA-A29B-40DDC38B1D81}.Release|x64.ActiveCfg = Release|x64
		{3BB2E4FF-C459-46DA-A29B-40DDC38B1D81}.Release|x64.Build.0 = Release|x64
		{3BB2E4FF-C459-46DA-A29B-40DDC38B1D81}.Release|x86.ActiveCfg = Release|Win32
		{3BB2E4FF-C459-46DA-A29B-40DDC38B1D81}.Release|x86.Build.0 = Release|Win32
		{C6161074-3FDC-4A73-9439-33966EF45161}.Debug|x64.ActiveCfg = Debug|x64
		{C6161074-3FDC-4A73-9439-33966EF45161}.Debug|x64.Build.0 = Debug|x64
		{C6161074-3FDC-4A73-9439-33966EF45161}.Debug|x86.ActiveCfg = Debug|Win32
		{C6161074-3FDC-4A73-9439-33966EF45161}.Debug|x86.Build.0 = Debug|Win32
		{C6161074-3FDC-4A73-9439-33966EF45161}.Release|x64.ActiveCfg = Release|x64
		{C6161074-3FDC-4A73-9439-33966EF45161}.Release|x64.Build.0 = Release|x64
		{C6161074-3FDC-4A73-9439-33966EF45161}.Release|x86.ActiveCfg = Release|Win32
		{C6161074-3FDC-4A73-9439-33966EF45161}.Release|x86.Build.0 = Release|Win32
		{4E85FF2B-BA05-448D-A081-EE4C9BD97445}.Debug|x64.ActiveCfg = Debug|x64
		{4E85FF2B-BA05-448D-A081-EE4C9BD97445}.Debug|x64.Build.0 = Debug|x64
		{4E85FF2B-BA05-448D-A081-EE4C9BD97445}.Debug|x86.ActiveCfg = Debug|Win32
		{4E85FF2B-BA05-448D-A081-EE4C9BD97445}.Debug|x86.Build.0 = Debug|Win32
		{4E85FF2B-BA05-448D-A081-EE4C9BD97445}.Release|x64.ActiveCfg = Release|x64
		{4E85FF2B-BA05-448D-A081-EE4C9BD97445}.Release|x64.Build.0 = Release|x64
		{4E85FF2B-BA05-448D-A081-EE4C9BD97445}.Release|x86.ActiveCfg = Release|Win32
		{4E85FF2B-BA05-448D-A081-EE4C9BD97445}.Release|x86.Build.0 = Release|Win32
		{FC508ACF-D783-438F-8275-4A432A493007}.Debug|x64.ActiveCfg = Debug|x64
		{FC508ACF-D783-438F-8275-4A432A493007}.Debug|x64.Build.0 = Debug|x64
		{FC508ACF-D783-438F-8275-4A432A493007}.Debug|x86.ActiveCfg = Debug|Win32
		{FC508ACF-D783-438F-8275-4A432A493007}.Debug|x86.Build.0 = Debug|Win32
		{FC508ACF-D783-438F-8275-4A432A493007}.Release|x64.ActiveCfg = Release|x64
		{FC508ACF-D783-438F-8275-4A432A493007}.Release|x64.Build.0 = Release|x64
		{FC508ACF-D783-438F-8275-4A432A493007}.Release|x86.ActiveCfg = Release|Win32
		{FC508ACF-D783-438F-8275-4A432A493007}.Release|x86.Build.0 = Release|Win32
		{67B1CB3E-10AB-4DDD-8EF4-B8D9FFBEEAF2}.Debug|x64.ActiveCfg = Debug|x64
		{67B1CB3E-10AB-4DDD-8EF4-B8D9FFBEEAF2}.Debug|x64.Build.0 = Debug|x64
		{67B1CB3E-10AB-4DDD-8EF4-B8D9FFBEEAF2}.Debug|x86.ActiveCfg = Debug|Win32
		{67B1CB3E-10AB-4DDD-8EF4-B8D9FFBEEAF2}.Debug|x86.Build.0 = Debug|Win32
		{67B1CB3E-10AB-4DDD-8EF4-B8D9FFBEEAF2}.Release|x64.ActiveCfg = Release|x64
		{67B1CB3E-10AB-4DDD-8EF4-B8D9FFBEEAF2}.Release|x64.Build.0 = Release|x64
		{67B1CB3E-10AB-4DDD-8EF4-B8D9FFBEEAF2}.Release|x86.ActiveCfg = Release|Win32
		{67B1CB3E-10AB-4DDD-8EF4-B8D9FFBEEAF2}.Release|x86.Build.0 = Release|Win32
		{1F144366-8631-4EAA-9131-2AFF65D3705A}.Debug|x64.ActiveCfg = Debug|x64
		{1F144366-8631-4EAA-9131-2AFF65D3705A}.Debug|x64.Build.0 = Debug|x64
		{1F144366-8631-4EAA-9131-2AFF65D3705A}.Debug|x86.ActiveCfg = Debug|Win32
		{1F144366-8631-4EAA-9131-2AFF65D3705A}.Debug|x86.Build.0 = Debug|Win32
		{1F144366-8631-4EAA-9131-2AFF65D3705A}.Release|x64.ActiveCfg = Release|x64
		{1F144366-8631-4EAA-9131-2AFF65D3705A}.Release|x64.Build.0 = Release|x64
		{1F144366-8631-4EAA-9131-2AFF65D3705A}.Release|x86.ActiveCfg = Release|Win32
		{1F144366-8631-4EAA-9131-2AFF65D3705A}.Release|x86.Build.0 = Release|Win32
		{DBA0FDE8-FCF5-48CE-BFE9-4B1701DCB210}.Debug|x64.ActiveCfg = Debug|x64
		{DBA0FDE8-FCF5-48CE-BFE9-4B1701DCB210}.Debug|x64.Build.0 = Debug|x64
		{DBA0FDE8-FCF5-48CE-BFE9-4B1701DCB210}.Debug|x86.ActiveCfg = Debug|Win32
		{DBA0FDE8-FCF5-48CE-BFE9-4B1701DCB210}.Debug|x86.Build.0 = Debug|Win32
		{DBA0FDE8-FCF5-48CE-BFE9-4B1701DCB210}.Release|x64.ActiveCfg = Release|x64
		{DBA0FDE8-FCF5-48CE-BFE9-4B1701DCB210}.Release|x64.Build.0 = Release|x64
		{DBA0FDE8-FCF5-48CE-BFE9-4B1701DCB210}.Release|x86.ActiveCfg = Release|Win32
		{DBA0FDE8-FCF5-48CE-BFE9-4B1701DCB210}.Release|x86.Build.0 = Release|Win32
		{25AE6425-F10B-49FD-9D3F-044E77BCA3EA}.Debug|x64.ActiveCfg = Debug|x64
		{25AE6425-F10B-49FD-9D3F-044E77BCA3EA}.Debug|x64.Build.0 = Debug|x64
		{25AE6425-F10B-49FD-9D3F-044E77BCA3EA}.Debug|x86.ActiveCfg = Debug|Win32
		{25AE6425-F10B-49FD-9D3F-044E77BCA3EA}.Debug|x86.Build.0 = Debug|Win32
		{25AE6425-F10B-49FD-9D3F-044E77BCA3EA}.Release|x64.ActiveCfg = Release|x64
		{25AE6425-F10B-49FD-9D3F-044E77BCA3EA}.Release|x64.Build.0 = Release|x64
		{25AE6425-F10B-49FD-9D3F-044E77BCA3EA}.Release|x86.ActiveCfg = Release|Win32
		{25AE6425-F10B-49FD-9D3F-044E77BCA3EA}.Release|x86.Build.0 = Release|Win32
		{5A494430-0691-4497-9C9F-AC9A2FF0A71C}.Debug|x64.ActiveCfg = Debug|x64
		{5A494430-0691-4497-9C9F-AC9A2FF0A71C}.Debug|x64.Build.0 = Debug|x64
		{5A494430-0691-4497-9C9F-AC9A2FF0A71C}.Debug|x86.ActiveCfg = Debug|Win32
		{5A494430-0691-4497-9C9F-AC9A2FF0A71C}.Debug|x86.Build.0 = Debug|Win32
		{5A494430-0691-4497-9C9F-AC9A2FF0A71C}.Release|x64.ActiveCfg = Release|x64
		{5A494430-0691-4497-9C9F-AC9A2FF0A71C}.Release|x64.Build.0 = Release|x64
		{5A494430-0691-4497-9C9F-AC9A2FF0A71C}.Release|x86.ActiveCfg = Release|Win32
		{5A494430-0691-4497-9C9F-AC9A2FF0A71C}.Release|x86.Build.0 = Release|Win32
		{88929C3F-BC52-4287-A48D-6250E9AE7CC1}.Debug|x64.ActiveCfg = Debug|x64
		{88929C3F-BC52-4287-A48D-6250E9AE7CC1}.Debug|x64.Build.0 = Debug|x64
		{88929C3F-BC52-4287-A48D-6250E9AE7CC1}.Debug|x86.ActiveCfg = Debug|Win32
		{88929C3F-BC52-4287-A48D-6250E9AE7CC1}.Debug|x86.Build.0 = Debug|Win32
		{88929C3F-BC52-4287-A48D-6250E9AE7CC1}.Release|x64.ActiveCfg = Release|x64
		{88929C3F-BC52-4287-A48D-6250E9AE7CC1}.Release|x64.Build.0 = Release|x64
		{88929C3F-BC52-4287-A48D-6250E9AE7CC1}.Release|x86.ActiveCfg = Release|Win32
		{88929C3F-BC52-4287-A48D-6250E9AE7CC1}.Release|x86.Build.0 = Release|Win32
		{6D960E96-EF9E-4773-A8B5-F6EDD75D1E47}.Debug|x64.ActiveCfg = Debug|x64
		{6D960E96-EF9E-4773-A8B5-F6EDD75D1E47}.Debug|x64.Build.0 = Debug|x64
		{6D960E96-EF9E-4773-A8B5-F6EDD75D1E47}.Debug|x86.ActiveCfg = Debug|Win32
		{6D960E96-EF9E-4773-A8B5-F6EDD75D1E47}.Debug|x86.Build.0 = Debug|Win32
		{6D960E96-EF9E-4773-A8B5-F6EDD75D1E47}.Release|x64.ActiveCfg = Release|x64
		{6D960E96-EF9E-4773-A8B5-F6EDD75D1E47}.Release|x64.Build.0 = Release|x64
		{6D960E96-EF9E-4773-A8B5-F6EDD75D1E47}.Release|x86.ActiveCfg = Release|Win32
		{6D960E96-EF9E-4773-A8B5-F6EDD75D1E47}.Release|x86.Build.0 = Release|Win32
		{E6D83D5A-5FE9-4BB2-995D-CAFA98633A16}.Debug|x64.ActiveCfg = Debug|x64
		{E6D83D5A-5FE9-4BB2-995D-CAFA98633A16}.Debug|x64.Build.0 = Debug|x64
		{E6D83D5A-5FE9-4BB2-995D-CAFA98633A16}.Debug|x86.ActiveCfg = Debug|Win32
		{E6D83D5A-5FE9-4BB2-995D-CAFA98633A16}.Debug|x86.Build.0 = Debug|Win32
		{E6D83D5A-5FE9-4BB2-995D-CAFA98633A16}.Release|x64.ActiveCfg = Release|x64
		{E6D83D5A-5FE9-4BB2-995D-CAFA98633A16}.Release|x64.Build.0 = Release|x64
		{E6D83D5A-5FE9-4BB2-995D-CAFA98633A16}.Release|x86.ActiveCfg = Release|Win32
		{E6D83D5A-5FE9-4BB2-995D-CAFA98633A16}.Release|x86.Build.0 = Release|Win32
		{11B02492-973A-4C21-B084-722378D88FFC}.Debug|x64.ActiveCfg = Debug|x64
		{11B02492-973A-4C21-B084-722378D88FFC}.Debug|x64.Build.0 = Debug|x64
		{11B02492-973A-4C21-B084-722378D88FFC}.Debug|x86.ActiveCfg = Debug|Win32
		{11B02492-973A-4C21-B084-722378D88FFC}.Debug|x86.Build.0 = Debug|Win32
		{11B02492-973A-4C21-B084-722378D88FFC}.Release|x64.ActiveCfg = Release|x64
		{11B02492-973A-4C21-B084-722378D88FFC}.Release|x64.Build.0 = Release|x64
		{11B02492-973A-4C21-B084-722378D88FFC}.Release|x86.ActiveCfg = Release|Win32
		{11B02492-973A-4C21-B084-722378D88FFC}.Release|x86.Build.0 = Release|Win32
		{6F0D01C8-AF2B-4FBF-9B21-76B4C31ED639}.Debug|x64.ActiveCfg = Debug|x64
		{6F0D01C8-AF2B-4FBF-9B21-76B4C31ED639}.Debug|x64.Build.0 = Debug|x64
		{6F0D01C8-AF2B-4FBF-9B21-76B4C31ED639}.Debug|x86.ActiveCfg = Debug|Win32
		{6F0D01C8-AF2B-4FBF-9B21-76B4C31ED639}.Debug|x86.Build.0 = Debug|Win32
		{6F0D01C8-AF2B-4FBF-9B21-76B4C31ED639}.Release|x64.ActiveCfg = Release|x64
		{6F0D01C8-AF2B-4FBF-9B21-76B4C31ED639}.Release|x64.Build.0 = Release|x64
		{6F0D01C8-AF2B-4FBF-9B21-76B4C31ED639}.Release|x86.ActiveCfg = Release|Win32
		{6F0D01C8-AF2B-4FBF-9B21-76B4C31ED639}.Release|x86.Build.0 = Release|Win32
	EndGlobalSection
	GlobalSection(SolutionProperties) = preSolution
		HideSolutionNode = FALSE
	EndGlobalSection
	GlobalSection(ExtensibilityGlobals) = postSolution
		SolutionGuid = {DA2BCFBF-6A4D-4051-B404-60CB0BA7C090}
	EndGlobalSection
EndGlobal
